
Microsoft Visual Studio Solution File, Format Version 12.00
# Visual Studio Version 17
VisualStudioVersion = 17.14.36414.22
MinimumVisualStudioVersion = 10.0.40219.1
Project("{2150E333-8FDC-42A3-9474-1A3956D46DE8}") = "Task0", "Task0", "{02EA681E-C7D8-13C7-8484-4AC65E1B71E8}"
EndProject
Project("{FAE04EC0-301F-11D3-BF4B-00C04F79EFBC}") = "Tyuiu.AlekseevaVA.Sprint2.Task0.V22", "Tyuiu.AlekseevaVA.Sprint2.Task0.V22\Tyuiu.AlekseevaVA.Sprint2.Task0.V22.csproj", "{131AE781-86B3-4B84-9C18-33C22C1E2E51}"
EndProject
Project("{FAE04EC0-301F-11D3-BF4B-00C04F79EFBC}") = "Tyuiu.AlekseevaVA.Sprint2.Task0.V22.Lib", "Tyuiu.AlekseevaVA.Sprint2.Task0.V22.Lib\Tyuiu.AlekseevaVA.Sprint2.Task0.V22.Lib.csproj", "{0553FFFD-141D-4AD7-BBA3-532510EDA0A0}"
EndProject
Project("{FAE04EC0-301F-11D3-BF4B-00C04F79EFBC}") = "Tyuiu.AlekseevaVA.Sprint2.Task0.V22.Test", "Tyuiu.AlekseevaVA.Sprint2.Task0.V22.Test\Tyuiu.AlekseevaVA.Sprint2.Task0.V22.Test.csproj", "{E4929E81-7E2D-4B2E-8F07-5A854EB7D1D9}"
EndProject
Project("{2150E333-8FDC-42A3-9474-1A3956D46DE8}") = "Task1", "Task1", "{73552558-36FE-4FA0-AD89-0130BC5A8C60}"
EndProject
Project("{FAE04EC0-301F-11D3-BF4B-00C04F79EFBC}") = "Tyuiu.AlekseevaVA.Sprint2.Task1.V4", "Tyuiu.AlekseevaVA.Sprint2.Task1.V4\Tyuiu.AlekseevaVA.Sprint2.Task1.V4.csproj", "{36564832-5608-4F9F-A343-AFB8862CD279}"
EndProject
Project("{FAE04EC0-301F-11D3-BF4B-00C04F79EFBC}") = "Tyuiu.AlekseevaVA.Sprint2.Task1.V4.Lib", "Tyuiu.AlekseevaVA.Sprint2.Task1.V4.Lib\Tyuiu.AlekseevaVA.Sprint2.Task1.V4.Lib.csproj", "{89C0F7BB-A2B2-4083-AF0F-C13A43EECE1E}"
EndProject
Project("{FAE04EC0-301F-11D3-BF4B-00C04F79EFBC}") = "Tyuiu.AlekseevaVA.Sprint2.Task1.V4.Test", "Tyuiu.AlekseevaVA.Sprint2.Task1.V4.Test\Tyuiu.AlekseevaVA.Sprint2.Task1.V4.Test.csproj", "{F38FFAEC-3D65-4D04-87D3-355D7A725C88}"
EndProject
Project("{2150E333-8FDC-42A3-9474-1A3956D46DE8}") = "Task2", "Task2", "{80F82F96-ADD6-4580-B9B2-644C181269BE}"
EndProject
Project("{FAE04EC0-301F-11D3-BF4B-00C04F79EFBC}") = "Tyuiu.AlekseevaVA.Sprint2.Task2.V5", "Tyuiu.AlekseevaVA.Sprint2.Task2.V5\Tyuiu.AlekseevaVA.Sprint2.Task2.V5.csproj", "{5E5B893E-1F07-48F6-AC7B-16ECBE8F23D3}"
EndProject
Project("{FAE04EC0-301F-11D3-BF4B-00C04F79EFBC}") = "Tyuiu.AlekseevaVA.Sprint2.Task2.V5.Lib", "Tyuiu.AlekseevaVA.Sprint2.Task2.V5.Lib\Tyuiu.AlekseevaVA.Sprint2.Task2.V5.Lib.csproj", "{D0075AEC-B5F3-4CC2-9A47-A1040FA32A55}"
EndProject
Project("{FAE04EC0-301F-11D3-BF4B-00C04F79EFBC}") = "Tyuiu.AlekseevaVA.Sprint2.Task2.V5.Test", "Tyuiu.AlekseevaVA.Sprint2.Task2.V5.Test\Tyuiu.AlekseevaVA.Sprint2.Task2.V5.Test.csproj", "{038EA4C7-DDDE-4855-815A-EACD740D432C}"
EndProject
Project("{2150E333-8FDC-42A3-9474-1A3956D46DE8}") = "Task3", "Task3", "{21F64EF8-EA88-403A-9C75-13F1D2B70702}"
EndProject
Project("{FAE04EC0-301F-11D3-BF4B-00C04F79EFBC}") = "Tyuiu.AlekseevaVA.Sprint2.Task3.V30", "Tyuiu.AlekseevaVA.Sprint2.Task3.V30\Tyuiu.AlekseevaVA.Sprint2.Task3.V30.csproj", "{403910FA-D009-474D-AAEB-884B42708FB1}"
EndProject
Project("{FAE04EC0-301F-11D3-BF4B-00C04F79EFBC}") = "Tyuiu.AlekseevaVA.Sprint2.Task3.V30.Lib", "Tyuiu.AlekseevaVA.Sprint2.Task3.V30.Lib\Tyuiu.AlekseevaVA.Sprint2.Task3.V30.Lib.csproj", "{B14F7624-82D5-4ED8-A039-62E68E3933C9}"
EndProject
Project("{FAE04EC0-301F-11D3-BF4B-00C04F79EFBC}") = "Tyuiu.AlekseevaVA.Sprint2.Task3.V30.Test", "Tyuiu.AlekseevaVA.Sprint2.Task3.V30.Test\Tyuiu.AlekseevaVA.Sprint2.Task3.V30.Test.csproj", "{D345866F-4D53-49DD-AE5C-9A8718001B34}"
EndProject
Project("{2150E333-8FDC-42A3-9474-1A3956D46DE8}") = "Task4", "Task4", "{A7C9CD34-048A-49ED-B812-A5A5773B02A0}"
EndProject
Project("{FAE04EC0-301F-11D3-BF4B-00C04F79EFBC}") = "Tyuiu.AlekseevaVA.Sprint2.Task4.V13", "Tyuiu.AlekseevaVA.Sprint2.Task4.V13\Tyuiu.AlekseevaVA.Sprint2.Task4.V13.csproj", "{EF688E7C-4D70-4BD6-B1DC-D74CF0AEB620}"
EndProject
Project("{FAE04EC0-301F-11D3-BF4B-00C04F79EFBC}") = "Tyuiu.AlekseevaVA.Sprint2.Task4.V13.Lib", "Tyuiu.AlekseevaVA.Sprint2.Task4.V13.Lib\Tyuiu.AlekseevaVA.Sprint2.Task4.V13.Lib.csproj", "{F4501907-DC93-4C89-8B5C-C12ACF8FF470}"
EndProject
Project("{FAE04EC0-301F-11D3-BF4B-00C04F79EFBC}") = "Tyuiu.AlekseevaVA.Sprint2.Task4.V13.Test", "Tyuiu.AlekseevaVA.Sprint2.Task4.V13.Test\Tyuiu.AlekseevaVA.Sprint2.Task4.V13.Test.csproj", "{E0F42A5E-D629-413D-9E6E-ECBB7F70EBBE}"
EndProject
Project("{2150E333-8FDC-42A3-9474-1A3956D46DE8}") = "Task5", "Task5", "{026CD9C5-042A-4523-BFCB-0F606CCBE0E6}"
EndProject
Project("{FAE04EC0-301F-11D3-BF4B-00C04F79EFBC}") = "Tyuiu.AlekseevaVA.Sprint2.Task5.V10", "Tyuiu.AlekseevaVA.Sprint2.Task5.V10\Tyuiu.AlekseevaVA.Sprint2.Task5.V10.csproj", "{E69B985C-6196-49C3-B73B-CED5B85A7E75}"
EndProject
Project("{FAE04EC0-301F-11D3-BF4B-00C04F79EFBC}") = "Tyuiu.AlekseevaVA.Sprint2.Task5.V10.Lib", "Tyuiu.AlekseevaVA.Sprint2.Task5.V10.Lib\Tyuiu.AlekseevaVA.Sprint2.Task5.V10.Lib.csproj", "{501A178D-4308-4264-B9EF-7B0DDA80A9CB}"
EndProject
Project("{FAE04EC0-301F-11D3-BF4B-00C04F79EFBC}") = "Tyuiu.AlekseevaVA.Sprint2.Task5.V10.Test", "Tyuiu.AlekseevaVA.Sprint2.Task5.V10.Test\Tyuiu.AlekseevaVA.Sprint2.Task5.V10.Test.csproj", "{9A6506FD-C859-43C9-886B-BE906D816CA6}"
EndProject
Global
	GlobalSection(SolutionConfigurationPlatforms) = preSolution
		Debug|Any CPU = Debug|Any CPU
		Release|Any CPU = Release|Any CPU
	EndGlobalSection
	GlobalSection(ProjectConfigurationPlatforms) = postSolution
		{131AE781-86B3-4B84-9C18-33C22C1E2E51}.Debug|Any CPU.ActiveCfg = Debug|Any CPU
		{131AE781-86B3-4B84-9C18-33C22C1E2E51}.Debug|Any CPU.Build.0 = Debug|Any CPU
		{131AE781-86B3-4B84-9C18-33C22C1E2E51}.Release|Any CPU.ActiveCfg = Release|Any CPU
		{131AE781-86B3-4B84-9C18-33C22C1E2E51}.Release|Any CPU.Build.0 = Release|Any CPU
		{0553FFFD-141D-4AD7-BBA3-532510EDA0A0}.Debug|Any CPU.ActiveCfg = Debug|Any CPU
		{0553FFFD-141D-4AD7-BBA3-532510EDA0A0}.Debug|Any CPU.Build.0 = Debug|Any CPU
		{0553FFFD-141D-4AD7-BBA3-532510EDA0A0}.Release|Any CPU.ActiveCfg = Release|Any CPU
		{0553FFFD-141D-4AD7-BBA3-532510EDA0A0}.Release|Any CPU.Build.0 = Release|Any CPU
		{E4929E81-7E2D-4B2E-8F07-5A854EB7D1D9}.Debug|Any CPU.ActiveCfg = Debug|Any CPU
		{E4929E81-7E2D-4B2E-8F07-5A854EB7D1D9}.Debug|Any CPU.Build.0 = Debug|Any CPU
		{E4929E81-7E2D-4B2E-8F07-5A854EB7D1D9}.Release|Any CPU.ActiveCfg = Release|Any CPU
		{E4929E81-7E2D-4B2E-8F07-5A854EB7D1D9}.Release|Any CPU.Build.0 = Release|Any CPU
		{36564832-5608-4F9F-A343-AFB8862CD279}.Debug|Any CPU.ActiveCfg = Debug|Any CPU
		{36564832-5608-4F9F-A343-AFB8862CD279}.Debug|Any CPU.Build.0 = Debug|Any CPU
		{36564832-5608-4F9F-A343-AFB8862CD279}.Release|Any CPU.ActiveCfg = Release|Any CPU
		{36564832-5608-4F9F-A343-AFB8862CD279}.Release|Any CPU.Build.0 = Release|Any CPU
		{89C0F7BB-A2B2-4083-AF0F-C13A43EECE1E}.Debug|Any CPU.ActiveCfg = Debug|Any CPU
		{89C0F7BB-A2B2-4083-AF0F-C13A43EECE1E}.Debug|Any CPU.Build.0 = Debug|Any CPU
		{89C0F7BB-A2B2-4083-AF0F-C13A43EECE1E}.Release|Any CPU.ActiveCfg = Release|Any CPU
		{89C0F7BB-A2B2-4083-AF0F-C13A43EECE1E}.Release|Any CPU.Build.0 = Release|Any CPU
		{F38FFAEC-3D65-4D04-87D3-355D7A725C88}.Debug|Any CPU.ActiveCfg = Debug|Any CPU
		{F38FFAEC-3D65-4D04-87D3-355D7A725C88}.Debug|Any CPU.Build.0 = Debug|Any CPU
		{F38FFAEC-3D65-4D04-87D3-355D7A725C88}.Release|Any CPU.ActiveCfg = Release|Any CPU
		{F38FFAEC-3D65-4D04-87D3-355D7A725C88}.Release|Any CPU.Build.0 = Release|Any CPU
		{5E5B893E-1F07-48F6-AC7B-16ECBE8F23D3}.Debug|Any CPU.ActiveCfg = Debug|Any CPU
		{5E5B893E-1F07-48F6-AC7B-16ECBE8F23D3}.Debug|Any CPU.Build.0 = Debug|Any CPU
		{5E5B893E-1F07-48F6-AC7B-16ECBE8F23D3}.Release|Any CPU.ActiveCfg = Release|Any CPU
		{5E5B893E-1F07-48F6-AC7B-16ECBE8F23D3}.Release|Any CPU.Build.0 = Release|Any CPU
		{D0075AEC-B5F3-4CC2-9A47-A1040FA32A55}.Debug|Any CPU.ActiveCfg = Debug|Any CPU
		{D0075AEC-B5F3-4CC2-9A47-A1040FA32A55}.Debug|Any CPU.Build.0 = Debug|Any CPU
		{D0075AEC-B5F3-4CC2-9A47-A1040FA32A55}.Release|Any CPU.ActiveCfg = Release|Any CPU
		{D0075AEC-B5F3-4CC2-9A47-A1040FA32A55}.Release|Any CPU.Build.0 = Release|Any CPU
		{038EA4C7-DDDE-4855-815A-EACD740D432C}.Debug|Any CPU.ActiveCfg = Debug|Any CPU
		{038EA4C7-DDDE-4855-815A-EACD740D432C}.Debug|Any CPU.Build.0 = Debug|Any CPU
		{038EA4C7-DDDE-4855-815A-EACD740D432C}.Release|Any CPU.ActiveCfg = Release|Any CPU
		{038EA4C7-DDDE-4855-815A-EACD740D432C}.Release|Any CPU.Build.0 = Release|Any CPU
		{403910FA-D009-474D-AAEB-884B42708FB1}.Debug|Any CPU.ActiveCfg = Debug|Any CPU
		{403910FA-D009-474D-AAEB-884B42708FB1}.Debug|Any CPU.Build.0 = Debug|Any CPU
		{403910FA-D009-474D-AAEB-884B42708FB1}.Release|Any CPU.ActiveCfg = Release|Any CPU
		{403910FA-D009-474D-AAEB-884B42708FB1}.Release|Any CPU.Build.0 = Release|Any CPU
		{B14F7624-82D5-4ED8-A039-62E68E3933C9}.Debug|Any CPU.ActiveCfg = Debug|Any CPU
		{B14F7624-82D5-4ED8-A039-62E68E3933C9}.Debug|Any CPU.Build.0 = Debug|Any CPU
		{B14F7624-82D5-4ED8-A039-62E68E3933C9}.Release|Any CPU.ActiveCfg = Release|Any CPU
		{B14F7624-82D5-4ED8-A039-62E68E3933C9}.Release|Any CPU.Build.0 = Release|Any CPU
		{D345866F-4D53-49DD-AE5C-9A8718001B34}.Debug|Any CPU.ActiveCfg = Debug|Any CPU
		{D345866F-4D53-49DD-AE5C-9A8718001B34}.Debug|Any CPU.Build.0 = Debug|Any CPU
		{D345866F-4D53-49DD-AE5C-9A8718001B34}.Release|Any CPU.ActiveCfg = Release|Any CPU
		{D345866F-4D53-49DD-AE5C-9A8718001B34}.Release|Any CPU.Build.0 = Release|Any CPU
		{EF688E7C-4D70-4BD6-B1DC-D74CF0AEB620}.Debug|Any CPU.ActiveCfg = Debug|Any CPU
		{EF688E7C-4D70-4BD6-B1DC-D74CF0AEB620}.Debug|Any CPU.Build.0 = Debug|Any CPU
		{EF688E7C-4D70-4BD6-B1DC-D74CF0AEB620}.Release|Any CPU.ActiveCfg = Release|Any CPU
		{EF688E7C-4D70-4BD6-B1DC-D74CF0AEB620}.Release|Any CPU.Build.0 = Release|Any CPU
		{F4501907-DC93-4C89-8B5C-C12ACF8FF470}.Debug|Any CPU.ActiveCfg = Debug|Any CPU
		{F4501907-DC93-4C89-8B5C-C12ACF8FF470}.Debug|Any CPU.Build.0 = Debug|Any CPU
		{F4501907-DC93-4C89-8B5C-C12ACF8FF470}.Release|Any CPU.ActiveCfg = Release|Any CPU
		{F4501907-DC93-4C89-8B5C-C12ACF8FF470}.Release|Any CPU.Build.0 = Release|Any CPU
		{E0F42A5E-D629-413D-9E6E-ECBB7F70EBBE}.Debug|Any CPU.ActiveCfg = Debug|Any CPU
		{E0F42A5E-D629-413D-9E6E-ECBB7F70EBBE}.Debug|Any CPU.Build.0 = Debug|Any CPU
		{E0F42A5E-D629-413D-9E6E-ECBB7F70EBBE}.Release|Any CPU.ActiveCfg = Release|Any CPU
		{E0F42A5E-D629-413D-9E6E-ECBB7F70EBBE}.Release|Any CPU.Build.0 = Release|Any CPU
		{E69B985C-6196-49C3-B73B-CED5B85A7E75}.Debug|Any CPU.ActiveCfg = Debug|Any CPU
		{E69B985C-6196-49C3-B73B-CED5B85A7E75}.Debug|Any CPU.Build.0 = Debug|Any CPU
		{E69B985C-6196-49C3-B73B-CED5B85A7E75}.Release|Any CPU.ActiveCfg = Release|Any CPU
		{E69B985C-6196-49C3-B73B-CED5B85A7E75}.Release|Any CPU.Build.0 = Release|Any CPU
		{501A178D-4308-4264-B9EF-7B0DDA80A9CB}.Debug|Any CPU.ActiveCfg = Debug|Any CPU
		{501A178D-4308-4264-B9EF-7B0DDA80A9CB}.Debug|Any CPU.Build.0 = Debug|Any CPU
		{501A178D-4308-4264-B9EF-7B0DDA80A9CB}.Release|Any CPU.ActiveCfg = Release|Any CPU
		{501A178D-4308-4264-B9EF-7B0DDA80A9CB}.Release|Any CPU.Build.0 = Release|Any CPU
		{9A6506FD-C859-43C9-886B-BE906D816CA6}.Debug|Any CPU.ActiveCfg = Debug|Any CPU
		{9A6506FD-C859-43C9-886B-BE906D816CA6}.Debug|Any CPU.Build.0 = Debug|Any CPU
		{9A6506FD-C859-43C9-886B-BE906D816CA6}.Release|Any CPU.ActiveCfg = Release|Any CPU
		{9A6506FD-C859-43C9-886B-BE906D816CA6}.Release|Any CPU.Build.0 = Release|Any CPU
	EndGlobalSection
	GlobalSection(SolutionProperties) = preSolution
		HideSolutionNode = FALSE
	EndGlobalSection
	GlobalSection(NestedProjects) = preSolution
		{131AE781-86B3-4B84-9C18-33C22C1E2E51} = {02EA681E-C7D8-13C7-8484-4AC65E1B71E8}
		{0553FFFD-141D-4AD7-BBA3-532510EDA0A0} = {02EA681E-C7D8-13C7-8484-4AC65E1B71E8}
		{E4929E81-7E2D-4B2E-8F07-5A854EB7D1D9} = {02EA681E-C7D8-13C7-8484-4AC65E1B71E8}
		{36564832-5608-4F9F-A343-AFB8862CD279} = {73552558-36FE-4FA0-AD89-0130BC5A8C60}
		{89C0F7BB-A2B2-4083-AF0F-C13A43EECE1E} = {73552558-36FE-4FA0-AD89-0130BC5A8C60}
		{F38FFAEC-3D65-4D04-87D3-355D7A725C88} = {73552558-36FE-4FA0-AD89-0130BC5A8C60}
		{5E5B893E-1F07-48F6-AC7B-16ECBE8F23D3} = {80F82F96-ADD6-4580-B9B2-644C181269BE}
		{D0075AEC-B5F3-4CC2-9A47-A1040FA32A55} = {80F82F96-ADD6-4580-B9B2-644C181269BE}
		{038EA4C7-DDDE-4855-815A-EACD740D432C} = {80F82F96-ADD6-4580-B9B2-644C181269BE}
		{403910FA-D009-474D-AAEB-884B42708FB1} = {21F64EF8-EA88-403A-9C75-13F1D2B70702}
		{B14F7624-82D5-4ED8-A039-62E68E3933C9} = {21F64EF8-EA88-403A-9C75-13F1D2B70702}
		{D345866F-4D53-49DD-AE5C-9A8718001B34} = {21F64EF8-EA88-403A-9C75-13F1D2B70702}
		{EF688E7C-4D70-4BD6-B1DC-D74CF0AEB620} = {A7C9CD34-048A-49ED-B812-A5A5773B02A0}
		{F4501907-DC93-4C89-8B5C-C12ACF8FF470} = {A7C9CD34-048A-49ED-B812-A5A5773B02A0}
		{E0F42A5E-D629-413D-9E6E-ECBB7F70EBBE} = {A7C9CD34-048A-49ED-B812-A5A5773B02A0}
		{E69B985C-6196-49C3-B73B-CED5B85A7E75} = {026CD9C5-042A-4523-BFCB-0F606CCBE0E6}
		{501A178D-4308-4264-B9EF-7B0DDA80A9CB} = {026CD9C5-042A-4523-BFCB-0F606CCBE0E6}
		{9A6506FD-C859-43C9-886B-BE906D816CA6} = {026CD9C5-042A-4523-BFCB-0F606CCBE0E6}
	EndGlobalSection
	GlobalSection(ExtensibilityGlobals) = postSolution
		SolutionGuid = {FFFAA664-5EAD-463D-AAA0-593B3235707C}
	EndGlobalSection
EndGlobal
