
Microsoft Visual Studio Solution File, Format Version 12.00
# Visual Studio Version 17
VisualStudioVersion = 17.14.36414.22
MinimumVisualStudioVersion = 10.0.40219.1
Project("{2150E333-8FDC-42A3-9474-1A3956D46DE8}") = "Task0", "Task0", "{02EA681E-C7D8-13C7-8484-4AC65E1B71E8}"
EndProject
Project("{FAE04EC0-301F-11D3-BF4B-00C04F79EFBC}") = "Tyuiu.AlekseevaVA.Sprint2.Task0.V22", "Tyuiu.AlekseevaVA.Sprint2.Task0.V22\Tyuiu.AlekseevaVA.Sprint2.Task0.V22.csproj", "{131AE781-86B3-4B84-9C18-33C22C1E2E51}"
EndProject
Project("{FAE04EC0-301F-11D3-BF4B-00C04F79EFBC}") = "Tyuiu.AlekseevaVA.Sprint2.Task0.V22.Lib", "Tyuiu.AlekseevaVA.Sprint2.Task0.V22.Lib\Tyuiu.AlekseevaVA.Sprint2.Task0.V22.Lib.csproj", "{0553FFFD-141D-4AD7-BBA3-532510EDA0A0}"
EndProject
Project("{FAE04EC0-301F-11D3-BF4B-00C04F79EFBC}") = "Tyuiu.AlekseevaVA.Sprint2.Task0.V22.Test", "Tyuiu.AlekseevaVA.Sprint2.Task0.V22.Test\Tyuiu.AlekseevaVA.Sprint2.Task0.V22.Test.csproj", "{E4929E81-7E2D-4B2E-8F07-5A854EB7D1D9}"
EndProject
Project("{2150E333-8FDC-42A3-9474-1A3956D46DE8}") = "Task1", "Task1", "{73552558-36FE-4FA0-AD89-0130BC5A8C60}"
EndProject
Project("{FAE04EC0-301F-11D3-BF4B-00C04F79EFBC}") = "Tyuiu.AlekseevaVA.Sprint2.Task1.V4", "Tyuiu.AlekseevaVA.Sprint2.Task1.V4\Tyuiu.AlekseevaVA.Sprint2.Task1.V4.csproj", "{36564832-5608-4F9F-A343-AFB8862CD279}"
EndProject
Project("{FAE04EC0-301F-11D3-BF4B-00C04F79EFBC}") = "Tyuiu.AlekseevaVA.Sprint2.Task1.V4.Lib", "Tyuiu.AlekseevaVA.Sprint2.Task1.V4.Lib\Tyuiu.AlekseevaVA.Sprint2.Task1.V4.Lib.csproj", "{89C0F7BB-A2B2-4083-AF0F-C13A43EECE1E}"
EndProject
Project("{FAE04EC0-301F-11D3-BF4B-00C04F79EFBC}") = "Tyuiu.AlekseevaVA.Sprint2.Task1.V4.Test", "Tyuiu.AlekseevaVA.Sprint2.Task1.V4.Test\Tyuiu.AlekseevaVA.Sprint2.Task1.V4.Test.csproj", "{F38FFAEC-3D65-4D04-87D3-355D7A725C88}"
EndProject
Project("{2150E333-8FDC-42A3-9474-1A3956D46DE8}") = "Task2", "Task2", "{80F82F96-ADD6-4580-B9B2-644C181269BE}"
EndProject
Project("{FAE04EC0-301F-11D3-BF4B-00C04F79EFBC}") = "Tyuiu.AlekseevaVA.Sprint2.Task2.V5", "Tyuiu.AlekseevaVA.Sprint2.Task2.V5\Tyuiu.AlekseevaVA.Sprint2.Task2.V5.csproj", "{5E5B893E-1F07-48F6-AC7B-16ECBE8F23D3}"
EndProject
Project("{FAE04EC0-301F-11D3-BF4B-00C04F79EFBC}") = "Tyuiu.AlekseevaVA.Sprint2.Task2.V5.Lib", "Tyuiu.AlekseevaVA.Sprint2.Task2.V5.Lib\Tyuiu.AlekseevaVA.Sprint2.Task2.V5.Lib.csproj", "{D0075AEC-B5F3-4CC2-9A47-A1040FA32A55}"
EndProject
Project("{FAE04EC0-301F-11D3-BF4B-00C04F79EFBC}") = "Tyuiu.AlekseevaVA.Sprint2.Task2.V5.Test", "Tyuiu.AlekseevaVA.Sprint2.Task2.V5.Test\Tyuiu.AlekseevaVA.Sprint2.Task2.V5.Test.csproj", "{038EA4C7-DDDE-4855-815A-EACD740D432C}"
EndProject
Global
	GlobalSection(SolutionConfigurationPlatforms) = preSolution
		Debug|Any CPU = Debug|Any CPU
		Release|Any CPU = Release|Any CPU
	EndGlobalSection
	GlobalSection(ProjectConfigurationPlatforms) = postSolution
		{131AE781-86B3-4B84-9C18-33C22C1E2E51}.Debug|Any CPU.ActiveCfg = Debug|Any CPU
		{131AE781-86B3-4B84-9C18-33C22C1E2E51}.Debug|Any CPU.Build.0 = Debug|Any CPU
		{131AE781-86B3-4B84-9C18-33C22C1E2E51}.Release|Any CPU.ActiveCfg = Release|Any CPU
		{131AE781-86B3-4B84-9C18-33C22C1E2E51}.Release|Any CPU.Build.0 = Release|Any CPU
		{0553FFFD-141D-4AD7-BBA3-532510EDA0A0}.Debug|Any CPU.ActiveCfg = Debug|Any CPU
		{0553FFFD-141D-4AD7-BBA3-532510EDA0A0}.Debug|Any CPU.Build.0 = Debug|Any CPU
		{0553FFFD-141D-4AD7-BBA3-532510EDA0A0}.Release|Any CPU.ActiveCfg = Release|Any CPU
		{0553FFFD-141D-4AD7-BBA3-532510EDA0A0}.Release|Any CPU.Build.0 = Release|Any CPU
		{E4929E81-7E2D-4B2E-8F07-5A854EB7D1D9}.Debug|Any CPU.ActiveCfg = Debug|Any CPU
		{E4929E81-7E2D-4B2E-8F07-5A854EB7D1D9}.Debug|Any CPU.Build.0 = Debug|Any CPU
		{E4929E81-7E2D-4B2E-8F07-5A854EB7D1D9}.Release|Any CPU.ActiveCfg = Release|Any CPU
		{E4929E81-7E2D-4B2E-8F07-5A854EB7D1D9}.Release|Any CPU.Build.0 = Release|Any CPU
		{36564832-5608-4F9F-A343-AFB8862CD279}.Debug|Any CPU.ActiveCfg = Debug|Any CPU
		{36564832-5608-4F9F-A343-AFB8862CD279}.Debug|Any CPU.Build.0 = Debug|Any CPU
		{36564832-5608-4F9F-A343-AFB8862CD279}.Release|Any CPU.ActiveCfg = Release|Any CPU
		{36564832-5608-4F9F-A343-AFB8862CD279}.Release|Any CPU.Build.0 = Release|Any CPU
		{89C0F7BB-A2B2-4083-AF0F-C13A43EECE1E}.Debug|Any CPU.ActiveCfg = Debug|Any CPU
		{89C0F7BB-A2B2-4083-AF0F-C13A43EECE1E}.Debug|Any CPU.Build.0 = Debug|Any CPU
		{89C0F7BB-A2B2-4083-AF0F-C13A43EECE1E}.Release|Any CPU.ActiveCfg = Release|Any CPU
		{89C0F7BB-A2B2-4083-AF0F-C13A43EECE1E}.Release|Any CPU.Build.0 = Release|Any CPU
		{F38FFAEC-3D65-4D04-87D3-355D7A725C88}.Debug|Any CPU.ActiveCfg = Debug|Any CPU
		{F38FFAEC-3D65-4D04-87D3-355D7A725C88}.Debug|Any CPU.Build.0 = Debug|Any CPU
		{F38FFAEC-3D65-4D04-87D3-355D7A725C88}.Release|Any CPU.ActiveCfg = Release|Any CPU
		{F38FFAEC-3D65-4D04-87D3-355D7A725C88}.Release|Any CPU.Build.0 = Release|Any CPU
		{5E5B893E-1F07-48F6-AC7B-16ECBE8F23D3}.Debug|Any CPU.ActiveCfg = Debug|Any CPU
		{5E5B893E-1F07-48F6-AC7B-16ECBE8F23D3}.Debug|Any CPU.Build.0 = Debug|Any CPU
		{5E5B893E-1F07-48F6-AC7B-16ECBE8F23D3}.Release|Any CPU.ActiveCfg = Release|Any CPU
		{5E5B893E-1F07-48F6-AC7B-16ECBE8F23D3}.Release|Any CPU.Build.0 = Release|Any CPU
		{D0075AEC-B5F3-4CC2-9A47-A1040FA32A55}.Debug|Any CPU.ActiveCfg = Debug|Any CPU
		{D0075AEC-B5F3-4CC2-9A47-A1040FA32A55}.Debug|Any CPU.Build.0 = Debug|Any CPU
		{D0075AEC-B5F3-4CC2-9A47-A1040FA32A55}.Release|Any CPU.ActiveCfg = Release|Any CPU
		{D0075AEC-B5F3-4CC2-9A47-A1040FA32A55}.Release|Any CPU.Build.0 = Release|Any CPU
		{038EA4C7-DDDE-4855-815A-EACD740D432C}.Debug|Any CPU.ActiveCfg = Debug|Any CPU
		{038EA4C7-DDDE-4855-815A-EACD740D432C}.Debug|Any CPU.Build.0 = Debug|Any CPU
		{038EA4C7-DDDE-4855-815A-EACD740D432C}.Release|Any CPU.ActiveCfg = Release|Any CPU
		{038EA4C7-DDDE-4855-815A-EACD740D432C}.Release|Any CPU.Build.0 = Release|Any CPU
	EndGlobalSection
	GlobalSection(SolutionProperties) = preSolution
		HideSolutionNode = FALSE
	EndGlobalSection
	GlobalSection(NestedProjects) = preSolution
		{131AE781-86B3-4B84-9C18-33C22C1E2E51} = {02EA681E-C7D8-13C7-8484-4AC65E1B71E8}
		{0553FFFD-141D-4AD7-BBA3-532510EDA0A0} = {02EA681E-C7D8-13C7-8484-4AC65E1B71E8}
		{E4929E81-7E2D-4B2E-8F07-5A854EB7D1D9} = {02EA681E-C7D8-13C7-8484-4AC65E1B71E8}
		{36564832-5608-4F9F-A343-AFB8862CD279} = {73552558-36FE-4FA0-AD89-0130BC5A8C60}
		{89C0F7BB-A2B2-4083-AF0F-C13A43EECE1E} = {73552558-36FE-4FA0-AD89-0130BC5A8C60}
		{F38FFAEC-3D65-4D04-87D3-355D7A725C88} = {73552558-36FE-4FA0-AD89-0130BC5A8C60}
		{5E5B893E-1F07-48F6-AC7B-16ECBE8F23D3} = {80F82F96-ADD6-4580-B9B2-644C181269BE}
		{D0075AEC-B5F3-4CC2-9A47-A1040FA32A55} = {80F82F96-ADD6-4580-B9B2-644C181269BE}
		{038EA4C7-DDDE-4855-815A-EACD740D432C} = {80F82F96-ADD6-4580-B9B2-644C181269BE}
	EndGlobalSection
	GlobalSection(ExtensibilityGlobals) = postSolution
		SolutionGuid = {FFFAA664-5EAD-463D-AAA0-593B3235707C}
	EndGlobalSection
EndGlobal
